{
  "version": 4,
  "terraform_version": "0.12.28",
  "serial": 162,
  "lineage": "9a48c588-a462-4927-8ef2-e33305833544",
  "outputs": {
    "elb_dns_name": {
      "value": "elb-webservers-19496016.eu-central-1.elb.amazonaws.com",
      "type": "string"
    }
  },
  "resources": [
    {
      "mode": "data",
      "type": "aws_ami",
      "name": "amazon_img_latest",
      "provider": "provider.aws",
      "instances": [
        {
          "schema_version": 0,
          "attributes": {
            "architecture": "x86_64",
            "arn": "arn:aws:ec2:eu-central-1::image/ami-00edb93a4d68784e3",
            "block_device_mappings": [
              {
                "device_name": "/dev/xvda",
                "ebs": {
                  "delete_on_termination": "true",
                  "encrypted": "false",
                  "iops": "0",
                  "snapshot_id": "snap-00936ba268436b411",
                  "volume_size": "8",
                  "volume_type": "gp2"
                },
                "no_device": "",
                "virtual_name": ""
              }
            ],
            "creation_date": "2020-06-23T06:09:26.000Z",
            "description": "Amazon Linux 2 AMI 2.0.20200617.0 x86_64 HVM gp2",
            "executable_users": null,
            "filter": [
              {
                "name": "name",
                "values": [
                  "amzn2-ami-hvm-2.0.*-x86_64-gp2"
                ]
              }
            ],
            "hypervisor": "xen",
            "id": "ami-00edb93a4d68784e3",
            "image_id": "ami-00edb93a4d68784e3",
            "image_location": "amazon/amzn2-ami-hvm-2.0.20200617.0-x86_64-gp2",
            "image_owner_alias": "amazon",
            "image_type": "machine",
            "kernel_id": null,
            "most_recent": true,
            "name": "amzn2-ami-hvm-2.0.20200617.0-x86_64-gp2",
            "name_regex": null,
            "owner_id": "137112412989",
            "owners": [
              "amazon"
            ],
            "platform": null,
            "product_codes": [],
            "public": true,
            "ramdisk_id": null,
            "root_device_name": "/dev/xvda",
            "root_device_type": "ebs",
            "root_snapshot_id": "snap-00936ba268436b411",
            "sriov_net_support": "simple",
            "state": "available",
            "state_reason": {
              "code": "UNSET",
              "message": "UNSET"
            },
            "tags": {},
            "virtualization_type": "hvm"
          }
        }
      ]
    },
    {
      "mode": "data",
      "type": "aws_availability_zones",
      "name": "available",
      "provider": "provider.aws",
      "instances": [
        {
          "schema_version": 0,
          "attributes": {
            "all_availability_zones": null,
            "blacklisted_names": null,
            "blacklisted_zone_ids": null,
            "exclude_names": null,
            "exclude_zone_ids": null,
            "filter": null,
            "group_names": [
              "eu-central-1"
            ],
            "id": "2020-07-10 09:09:36.732581066 +0000 UTC",
            "names": [
              "eu-central-1a",
              "eu-central-1b",
              "eu-central-1c"
            ],
            "state": "available",
            "zone_ids": [
              "euc1-az2",
              "euc1-az3",
              "euc1-az1"
            ]
          }
        }
      ]
    },
    {
      "mode": "managed",
      "type": "aws_autoscaling_group",
      "name": "myservers",
      "provider": "provider.aws",
      "instances": [
        {
          "schema_version": 0,
          "attributes": {
            "arn": "arn:aws:autoscaling:eu-central-1:407765914917:autoScalingGroup:864bcbba-7bc2-417a-8831-c2209cc7bf05:autoScalingGroupName/auto-scailing-gr-terraform-lc-20200710091016931800000001",
            "availability_zones": [
              "eu-central-1a",
              "eu-central-1b"
            ],
            "default_cooldown": 300,
            "desired_capacity": 2,
            "enabled_metrics": null,
            "force_delete": false,
            "health_check_grace_period": 300,
            "health_check_type": "EC2",
            "id": "auto-scailing-gr-terraform-lc-20200710091016931800000001",
            "initial_lifecycle_hook": [],
            "launch_configuration": "terraform-lc-20200710091016931800000001",
            "launch_template": [],
            "load_balancers": [
              "elb-webservers"
            ],
            "max_instance_lifetime": 0,
            "max_size": 3,
            "metrics_granularity": "1Minute",
            "min_elb_capacity": null,
            "min_size": 1,
            "mixed_instances_policy": [],
            "name": "auto-scailing-gr-terraform-lc-20200710091016931800000001",
            "name_prefix": null,
            "placement_group": "",
            "protect_from_scale_in": false,
            "service_linked_role_arn": "arn:aws:iam::407765914917:role/aws-service-role/autoscaling.amazonaws.com/AWSServiceRoleForAutoScaling",
            "suspended_processes": null,
            "tag": [],
            "tags": null,
            "target_group_arns": [],
            "termination_policies": null,
            "timeouts": null,
            "vpc_zone_identifier": [
              "subnet-41b14b3d",
              "subnet-a6119dcc"
            ],
            "wait_for_capacity_timeout": "10m",
            "wait_for_elb_capacity": null
          },
          "private": "eyJlMmJmYjczMC1lY2FhLTExZTYtOGY4OC0zNDM2M2JjN2M0YzAiOnsiZGVsZXRlIjo2MDAwMDAwMDAwMDB9fQ==",
          "dependencies": [
            "aws_default_subnet.primary",
            "aws_default_subnet.secondary",
            "aws_elb.elb_webs",
            "aws_launch_configuration.as_conf",
            "aws_security_group.allow_web_control"
          ]
        }
      ]
    },
    {
      "mode": "managed",
      "type": "aws_autoscaling_policy",
      "name": "web_cluster_target_tracking_policy",
      "provider": "provider.aws",
      "instances": [
        {
          "schema_version": 0,
          "attributes": {
            "adjustment_type": "",
            "arn": "arn:aws:autoscaling:eu-central-1:407765914917:scalingPolicy:95269bd6-b681-4a5a-8cd5-487c49465d16:autoScalingGroupName/auto-scailing-gr-terraform-lc-20200710091016931800000001:policyName/staging-web-cluster-target-tracking-policy",
            "autoscaling_group_name": "auto-scailing-gr-terraform-lc-20200710091016931800000001",
            "cooldown": 0,
            "estimated_instance_warmup": 200,
            "id": "staging-web-cluster-target-tracking-policy",
            "metric_aggregation_type": "",
            "min_adjustment_magnitude": null,
            "min_adjustment_step": null,
            "name": "staging-web-cluster-target-tracking-policy",
            "policy_type": "TargetTrackingScaling",
            "scaling_adjustment": 0,
            "step_adjustment": [],
            "target_tracking_configuration": [
              {
                "customized_metric_specification": [],
                "disable_scale_in": false,
                "predefined_metric_specification": [
                  {
                    "predefined_metric_type": "ASGAverageCPUUtilization",
                    "resource_label": ""
                  }
                ],
                "target_value": 40
              }
            ]
          },
          "private": "bnVsbA==",
          "dependencies": [
            "aws_autoscaling_group.myservers",
            "aws_default_subnet.primary",
            "aws_default_subnet.secondary",
            "aws_elb.elb_webs",
            "aws_launch_configuration.as_conf",
            "aws_security_group.allow_web_control"
          ]
        }
      ]
    },
    {
      "mode": "managed",
      "type": "aws_default_subnet",
      "name": "primary",
      "provider": "provider.aws",
      "instances": [
        {
          "schema_version": 1,
          "attributes": {
            "arn": "arn:aws:ec2:eu-central-1:407765914917:subnet/subnet-a6119dcc",
            "assign_ipv6_address_on_creation": false,
            "availability_zone": "eu-central-1a",
            "availability_zone_id": "euc1-az2",
            "cidr_block": "172.31.16.0/20",
            "id": "subnet-a6119dcc",
            "ipv6_cidr_block": "",
            "ipv6_cidr_block_association_id": "",
            "map_public_ip_on_launch": true,
            "outpost_arn": "",
            "owner_id": "407765914917",
            "tags": null,
            "timeouts": null,
            "vpc_id": "vpc-7c872316"
          },
          "private": "eyJlMmJmYjczMC1lY2FhLTExZTYtOGY4OC0zNDM2M2JjN2M0YzAiOnsiY3JlYXRlIjo2MDAwMDAwMDAwMDAsImRlbGV0ZSI6MTIwMDAwMDAwMDAwMH0sInNjaGVtYV92ZXJzaW9uIjoiMSJ9"
        }
      ]
    },
    {
      "mode": "managed",
      "type": "aws_default_subnet",
      "name": "secondary",
      "provider": "provider.aws",
      "instances": [
        {
          "schema_version": 1,
          "attributes": {
            "arn": "arn:aws:ec2:eu-central-1:407765914917:subnet/subnet-41b14b3d",
            "assign_ipv6_address_on_creation": false,
            "availability_zone": "eu-central-1b",
            "availability_zone_id": "euc1-az3",
            "cidr_block": "172.31.32.0/20",
            "id": "subnet-41b14b3d",
            "ipv6_cidr_block": "",
            "ipv6_cidr_block_association_id": "",
            "map_public_ip_on_launch": true,
            "outpost_arn": "",
            "owner_id": "407765914917",
            "tags": null,
            "timeouts": null,
            "vpc_id": "vpc-7c872316"
          },
          "private": "eyJlMmJmYjczMC1lY2FhLTExZTYtOGY4OC0zNDM2M2JjN2M0YzAiOnsiY3JlYXRlIjo2MDAwMDAwMDAwMDAsImRlbGV0ZSI6MTIwMDAwMDAwMDAwMH0sInNjaGVtYV92ZXJzaW9uIjoiMSJ9"
        }
      ]
    },
    {
      "mode": "managed",
      "type": "aws_elb",
      "name": "elb_webs",
      "provider": "provider.aws",
      "instances": [
        {
          "schema_version": 0,
          "attributes": {
            "access_logs": [],
            "arn": "arn:aws:elasticloadbalancing:eu-central-1:407765914917:loadbalancer/elb-webservers",
            "availability_zones": [
              "eu-central-1a",
              "eu-central-1b"
            ],
            "connection_draining": false,
            "connection_draining_timeout": 300,
            "cross_zone_load_balancing": true,
            "dns_name": "elb-webservers-19496016.eu-central-1.elb.amazonaws.com",
            "health_check": [
              {
                "healthy_threshold": 2,
                "interval": 10,
                "target": "HTTP:80/",
                "timeout": 3,
                "unhealthy_threshold": 2
              }
            ],
            "id": "elb-webservers",
            "idle_timeout": 60,
            "instances": [],
            "internal": false,
            "listener": [
              {
                "instance_port": 80,
                "instance_protocol": "http",
                "lb_port": 80,
                "lb_protocol": "http",
                "ssl_certificate_id": ""
              }
            ],
            "name": "elb-webservers",
            "name_prefix": null,
            "security_groups": [
              "sg-091cc1c3b67b0eb3d"
            ],
            "source_security_group": "407765914917/allow_web_control",
            "source_security_group_id": "sg-091cc1c3b67b0eb3d",
            "subnets": [
              "subnet-41b14b3d",
              "subnet-a6119dcc"
            ],
            "tags": null,
            "zone_id": "Z215JYRZR1TBD5"
          },
          "private": "bnVsbA==",
          "dependencies": [
            "aws_security_group.allow_web_control"
          ]
        }
      ]
    },
    {
      "mode": "managed",
      "type": "aws_key_pair",
      "name": "dokapubkey",
      "provider": "provider.aws",
      "instances": [
        {
          "schema_version": 1,
          "attributes": {
            "arn": "arn:aws:ec2:eu-central-1:407765914917:key-pair/dokakey",
            "fingerprint": "52:40:40:8c:ec:57:be:be:78:8e:44:eb:c7:2a:cf:21",
            "id": "dokakey",
            "key_name": "dokakey",
            "key_name_prefix": null,
            "key_pair_id": "key-0ed2edb737e54ce64",
            "public_key": "ssh-rsa AAAAB3NzaC1yc2EAAAADAQABAAABAQDHLHRe4dkwXZj8QMEkHVTlhUXvdlwKrac3EwTTz9pTPqdxQXnvOxTfQ2ClBcjxzqqJ92bTl8GjXDR06lI8M4vMag1UPZiDqA3cZbEJ0lbepzmAzZA06pj3dWUtBWk2SvNovJdQEIC1WBGm53MzLUTDx7whuPa97VAqjtIP51RxAsM12vcr0DyNPkYZxbGkfk17ceC17gv+yb0xH5iTmDabUG8zM+7NZvbB+BT509Wef7HeLXQUobmkPRMTBieXRgtjcZDb+Kk4JvHDtjHC5+gQ5iwkLj5Z46FWU/Ugz9ezcIGat4FufT4Fh8t49UTzAwZvAiXKS/DKGwebqLbxP5jL doka@doka-ubuntu3",
            "tags": null
          },
          "private": "eyJzY2hlbWFfdmVyc2lvbiI6IjEifQ=="
        }
      ]
    },
    {
      "mode": "managed",
      "type": "aws_launch_configuration",
      "name": "as_conf",
      "provider": "provider.aws",
      "instances": [
        {
          "schema_version": 0,
          "attributes": {
            "arn": "arn:aws:autoscaling:eu-central-1:407765914917:launchConfiguration:498a6dab-de68-4f52-9e1b-e56fe47347b4:launchConfigurationName/terraform-lc-20200710091016931800000001",
            "associate_public_ip_address": false,
            "ebs_block_device": [],
            "ebs_optimized": false,
            "enable_monitoring": true,
            "ephemeral_block_device": [],
            "iam_instance_profile": "",
            "id": "terraform-lc-20200710091016931800000001",
            "image_id": "ami-00edb93a4d68784e3",
            "instance_type": "t2.micro",
            "key_name": "dokakey",
            "name": "terraform-lc-20200710091016931800000001",
            "name_prefix": "terraform-lc-",
            "placement_tenancy": null,
            "root_block_device": [],
            "security_groups": [
              "sg-091cc1c3b67b0eb3d"
            ],
            "spot_price": "",
            "user_data": "f65c1d861a018e9845bde8a8e69f1665938444a3",
            "user_data_base64": null,
            "vpc_classic_link_id": "",
            "vpc_classic_link_security_groups": null
          },
          "private": "bnVsbA==",
          "dependencies": [
            "aws_security_group.allow_web_control"
          ]
        }
      ]
    },
    {
      "mode": "managed",
      "type": "aws_security_group",
      "name": "allow_web_control",
      "provider": "provider.aws",
      "instances": [
        {
          "schema_version": 1,
          "attributes": {
            "arn": "arn:aws:ec2:eu-central-1:407765914917:security-group/sg-091cc1c3b67b0eb3d",
            "description": "allow_web_control",
            "egress": [
              {
                "cidr_blocks": [
                  "0.0.0.0/0"
                ],
                "description": "",
                "from_port": 0,
                "ipv6_cidr_blocks": [],
                "prefix_list_ids": [],
                "protocol": "-1",
                "security_groups": [],
                "self": false,
                "to_port": 0
              }
            ],
            "id": "sg-091cc1c3b67b0eb3d",
            "ingress": [
              {
                "cidr_blocks": [
                  "0.0.0.0/0"
                ],
                "description": "",
                "from_port": 22,
                "ipv6_cidr_blocks": [],
                "prefix_list_ids": [],
                "protocol": "tcp",
                "security_groups": [],
                "self": false,
                "to_port": 22
              },
              {
                "cidr_blocks": [
                  "0.0.0.0/0"
                ],
                "description": "",
                "from_port": 443,
                "ipv6_cidr_blocks": [],
                "prefix_list_ids": [],
                "protocol": "tcp",
                "security_groups": [],
                "self": false,
                "to_port": 443
              },
              {
                "cidr_blocks": [
                  "0.0.0.0/0"
                ],
                "description": "",
                "from_port": 80,
                "ipv6_cidr_blocks": [],
                "prefix_list_ids": [],
                "protocol": "tcp",
                "security_groups": [],
                "self": false,
                "to_port": 80
              }
            ],
            "name": "allow_web_control",
            "name_prefix": null,
            "owner_id": "407765914917",
            "revoke_rules_on_delete": false,
            "tags": {
              "Name": "web and control"
            },
            "timeouts": null,
            "vpc_id": "vpc-7c872316"
          },
          "private": "eyJlMmJmYjczMC1lY2FhLTExZTYtOGY4OC0zNDM2M2JjN2M0YzAiOnsiY3JlYXRlIjo2MDAwMDAwMDAwMDAsImRlbGV0ZSI6NjAwMDAwMDAwMDAwfSwic2NoZW1hX3ZlcnNpb24iOiIxIn0="
        }
      ]
    }
  ]
}
