{
  "version": 4,
  "terraform_version": "0.12.28",
  "serial": 52,
  "lineage": "4a6dc4ee-1ef0-f513-d590-696549e34399",
  "outputs": {
    "aws_sg_allow_web_ssh_id": {
      "value": "sg-08fa1306d5741d558",
      "type": "string"
    },
    "aws_webserver_id": {
      "value": "i-0c95e65c24a85f8bc",
      "type": "string"
    },
    "eip_address": {
      "value": "18.158.81.16",
      "type": "string"
    }
  },
  "resources": [
    {
      "mode": "managed",
      "type": "aws_eip",
      "name": "lb",
      "provider": "provider.aws",
      "instances": [
        {
          "schema_version": 0,
          "attributes": {
            "allocation_id": null,
            "associate_with_private_ip": null,
            "association_id": "eipassoc-0275e2d91c59959cd",
            "customer_owned_ip": "",
            "customer_owned_ipv4_pool": "",
            "domain": "vpc",
            "id": "eipalloc-0d0cad05cdb5a5fb2",
            "instance": "i-0c95e65c24a85f8bc",
            "network_interface": "eni-0e9bf7c3c448a6fdc",
            "private_dns": "ip-172-31-32-148.eu-central-1.compute.internal",
            "private_ip": "172.31.32.148",
            "public_dns": "ec2-18-158-81-16.eu-central-1.compute.amazonaws.com",
            "public_ip": "18.158.81.16",
            "public_ipv4_pool": "amazon",
            "tags": null,
            "timeouts": null,
            "vpc": true
          },
          "private": "eyJlMmJmYjczMC1lY2FhLTExZTYtOGY4OC0zNDM2M2JjN2M0YzAiOnsiZGVsZXRlIjoxODAwMDAwMDAwMDAsInJlYWQiOjkwMDAwMDAwMDAwMCwidXBkYXRlIjozMDAwMDAwMDAwMDB9fQ==",
          "dependencies": [
            "aws_instance.appserver",
            "aws_instance.dbserver",
            "aws_instance.webserver",
            "aws_security_group.allow_web_ssh"
          ]
        }
      ]
    },
    {
      "mode": "managed",
      "type": "aws_instance",
      "name": "appserver",
      "provider": "provider.aws",
      "instances": [
        {
          "schema_version": 1,
          "attributes": {
            "ami": "ami-00edb93a4d68784e3",
            "arn": "arn:aws:ec2:eu-central-1:407765914917:instance/i-0e5f01c224370c1bf",
            "associate_public_ip_address": true,
            "availability_zone": "eu-central-1b",
            "cpu_core_count": 1,
            "cpu_threads_per_core": 1,
            "credit_specification": [
              {
                "cpu_credits": "standard"
              }
            ],
            "disable_api_termination": false,
            "ebs_block_device": [],
            "ebs_optimized": false,
            "ephemeral_block_device": [],
            "get_password_data": false,
            "hibernation": false,
            "host_id": null,
            "iam_instance_profile": "",
            "id": "i-0e5f01c224370c1bf",
            "instance_initiated_shutdown_behavior": null,
            "instance_state": "running",
            "instance_type": "t2.micro",
            "ipv6_address_count": 0,
            "ipv6_addresses": [],
            "key_name": "dokakey",
            "metadata_options": [
              {
                "http_endpoint": "enabled",
                "http_put_response_hop_limit": 1,
                "http_tokens": "optional"
              }
            ],
            "monitoring": false,
            "network_interface": [],
            "network_interface_id": null,
            "outpost_arn": "",
            "password_data": "",
            "placement_group": "",
            "primary_network_interface_id": "eni-025b1cf80ff0a7a81",
            "private_dns": "ip-172-31-36-95.eu-central-1.compute.internal",
            "private_ip": "172.31.36.95",
            "public_dns": "ec2-18-197-143-87.eu-central-1.compute.amazonaws.com",
            "public_ip": "18.197.143.87",
            "root_block_device": [
              {
                "delete_on_termination": true,
                "device_name": "/dev/xvda",
                "encrypted": false,
                "iops": 100,
                "kms_key_id": "",
                "volume_id": "vol-04ba4c0f10d92e22d",
                "volume_size": 8,
                "volume_type": "gp2"
              }
            ],
            "security_groups": [
              "allow_web_ssh"
            ],
            "source_dest_check": true,
            "subnet_id": "subnet-41b14b3d",
            "tags": {
              "Name": "Appserver",
              "Owner": "Aliaksandr Dakutovich"
            },
            "tenancy": "default",
            "timeouts": null,
            "user_data": null,
            "user_data_base64": null,
            "volume_tags": {},
            "vpc_security_group_ids": [
              "sg-08fa1306d5741d558"
            ]
          },
          "private": "eyJlMmJmYjczMC1lY2FhLTExZTYtOGY4OC0zNDM2M2JjN2M0YzAiOnsiY3JlYXRlIjo2MDAwMDAwMDAwMDAsImRlbGV0ZSI6MTIwMDAwMDAwMDAwMCwidXBkYXRlIjo2MDAwMDAwMDAwMDB9LCJzY2hlbWFfdmVyc2lvbiI6IjEifQ==",
          "dependencies": [
            "aws_instance.dbserver",
            "aws_security_group.allow_web_ssh"
          ]
        }
      ]
    },
    {
      "mode": "managed",
      "type": "aws_instance",
      "name": "dbserver",
      "provider": "provider.aws",
      "instances": [
        {
          "schema_version": 1,
          "attributes": {
            "ami": "ami-00edb93a4d68784e3",
            "arn": "arn:aws:ec2:eu-central-1:407765914917:instance/i-061809d84b2f31c56",
            "associate_public_ip_address": true,
            "availability_zone": "eu-central-1b",
            "cpu_core_count": 1,
            "cpu_threads_per_core": 1,
            "credit_specification": [
              {
                "cpu_credits": "standard"
              }
            ],
            "disable_api_termination": false,
            "ebs_block_device": [],
            "ebs_optimized": false,
            "ephemeral_block_device": [],
            "get_password_data": false,
            "hibernation": false,
            "host_id": null,
            "iam_instance_profile": "",
            "id": "i-061809d84b2f31c56",
            "instance_initiated_shutdown_behavior": null,
            "instance_state": "running",
            "instance_type": "t2.micro",
            "ipv6_address_count": 0,
            "ipv6_addresses": [],
            "key_name": "dokakey",
            "metadata_options": [
              {
                "http_endpoint": "enabled",
                "http_put_response_hop_limit": 1,
                "http_tokens": "optional"
              }
            ],
            "monitoring": false,
            "network_interface": [],
            "network_interface_id": null,
            "outpost_arn": "",
            "password_data": "",
            "placement_group": "",
            "primary_network_interface_id": "eni-060a007b6433a9a23",
            "private_dns": "ip-172-31-46-141.eu-central-1.compute.internal",
            "private_ip": "172.31.46.141",
            "public_dns": "ec2-18-156-177-183.eu-central-1.compute.amazonaws.com",
            "public_ip": "18.156.177.183",
            "root_block_device": [
              {
                "delete_on_termination": true,
                "device_name": "/dev/xvda",
                "encrypted": false,
                "iops": 100,
                "kms_key_id": "",
                "volume_id": "vol-0ac52235211686303",
                "volume_size": 8,
                "volume_type": "gp2"
              }
            ],
            "security_groups": [
              "allow_web_ssh"
            ],
            "source_dest_check": true,
            "subnet_id": "subnet-41b14b3d",
            "tags": {
              "Name": "dbserver",
              "Owner": "Aliaksandr Dakutovich"
            },
            "tenancy": "default",
            "timeouts": null,
            "user_data": null,
            "user_data_base64": null,
            "volume_tags": {},
            "vpc_security_group_ids": [
              "sg-08fa1306d5741d558"
            ]
          },
          "private": "eyJlMmJmYjczMC1lY2FhLTExZTYtOGY4OC0zNDM2M2JjN2M0YzAiOnsiY3JlYXRlIjo2MDAwMDAwMDAwMDAsImRlbGV0ZSI6MTIwMDAwMDAwMDAwMCwidXBkYXRlIjo2MDAwMDAwMDAwMDB9LCJzY2hlbWFfdmVyc2lvbiI6IjEifQ==",
          "dependencies": [
            "aws_security_group.allow_web_ssh"
          ]
        }
      ]
    },
    {
      "mode": "managed",
      "type": "aws_instance",
      "name": "webserver",
      "provider": "provider.aws",
      "instances": [
        {
          "schema_version": 1,
          "attributes": {
            "ami": "ami-00edb93a4d68784e3",
            "arn": "arn:aws:ec2:eu-central-1:407765914917:instance/i-0c95e65c24a85f8bc",
            "associate_public_ip_address": true,
            "availability_zone": "eu-central-1b",
            "cpu_core_count": 1,
            "cpu_threads_per_core": 1,
            "credit_specification": [
              {
                "cpu_credits": "standard"
              }
            ],
            "disable_api_termination": false,
            "ebs_block_device": [],
            "ebs_optimized": false,
            "ephemeral_block_device": [],
            "get_password_data": false,
            "hibernation": false,
            "host_id": null,
            "iam_instance_profile": "",
            "id": "i-0c95e65c24a85f8bc",
            "instance_initiated_shutdown_behavior": null,
            "instance_state": "running",
            "instance_type": "t2.micro",
            "ipv6_address_count": 0,
            "ipv6_addresses": [],
            "key_name": "dokakey",
            "metadata_options": [
              {
                "http_endpoint": "enabled",
                "http_put_response_hop_limit": 1,
                "http_tokens": "optional"
              }
            ],
            "monitoring": false,
            "network_interface": [],
            "network_interface_id": null,
            "outpost_arn": "",
            "password_data": "",
            "placement_group": "",
            "primary_network_interface_id": "eni-0e9bf7c3c448a6fdc",
            "private_dns": "ip-172-31-32-148.eu-central-1.compute.internal",
            "private_ip": "172.31.32.148",
            "public_dns": "ec2-3-122-191-103.eu-central-1.compute.amazonaws.com",
            "public_ip": "3.122.191.103",
            "root_block_device": [
              {
                "delete_on_termination": true,
                "device_name": "/dev/xvda",
                "encrypted": false,
                "iops": 100,
                "kms_key_id": "",
                "volume_id": "vol-0157d73e1def73fa4",
                "volume_size": 8,
                "volume_type": "gp2"
              }
            ],
            "security_groups": [
              "allow_web_ssh"
            ],
            "source_dest_check": true,
            "subnet_id": "subnet-41b14b3d",
            "tags": {
              "Name": "TestWebserver",
              "Owner": "Aliaksandr Dakutovich"
            },
            "tenancy": "default",
            "timeouts": null,
            "user_data": "f9935c96b50bb2f9356524fa2496d1e59e6121f8",
            "user_data_base64": null,
            "volume_tags": {},
            "vpc_security_group_ids": [
              "sg-08fa1306d5741d558"
            ]
          },
          "private": "eyJlMmJmYjczMC1lY2FhLTExZTYtOGY4OC0zNDM2M2JjN2M0YzAiOnsiY3JlYXRlIjo2MDAwMDAwMDAwMDAsImRlbGV0ZSI6MTIwMDAwMDAwMDAwMCwidXBkYXRlIjo2MDAwMDAwMDAwMDB9LCJzY2hlbWFfdmVyc2lvbiI6IjEifQ==",
          "dependencies": [
            "aws_instance.appserver",
            "aws_instance.dbserver",
            "aws_security_group.allow_web_ssh"
          ]
        }
      ]
    },
    {
      "mode": "managed",
      "type": "aws_key_pair",
      "name": "dokapubkey",
      "provider": "provider.aws",
      "instances": [
        {
          "schema_version": 1,
          "attributes": {
            "arn": "arn:aws:ec2:eu-central-1:407765914917:key-pair/dokakey",
            "fingerprint": "52:40:40:8c:ec:57:be:be:78:8e:44:eb:c7:2a:cf:21",
            "id": "dokakey",
            "key_name": "dokakey",
            "key_name_prefix": null,
            "key_pair_id": "key-0b0dd92badf1de9c0",
            "public_key": "ssh-rsa AAAAB3NzaC1yc2EAAAADAQABAAABAQDHLHRe4dkwXZj8QMEkHVTlhUXvdlwKrac3EwTTz9pTPqdxQXnvOxTfQ2ClBcjxzqqJ92bTl8GjXDR06lI8M4vMag1UPZiDqA3cZbEJ0lbepzmAzZA06pj3dWUtBWk2SvNovJdQEIC1WBGm53MzLUTDx7whuPa97VAqjtIP51RxAsM12vcr0DyNPkYZxbGkfk17ceC17gv+yb0xH5iTmDabUG8zM+7NZvbB+BT509Wef7HeLXQUobmkPRMTBieXRgtjcZDb+Kk4JvHDtjHC5+gQ5iwkLj5Z46FWU/Ugz9ezcIGat4FufT4Fh8t49UTzAwZvAiXKS/DKGwebqLbxP5jL doka@doka-ubuntu3",
            "tags": null
          },
          "private": "eyJzY2hlbWFfdmVyc2lvbiI6IjEifQ=="
        }
      ]
    },
    {
      "mode": "managed",
      "type": "aws_security_group",
      "name": "allow_web_ssh",
      "provider": "provider.aws",
      "instances": [
        {
          "schema_version": 1,
          "attributes": {
            "arn": "arn:aws:ec2:eu-central-1:407765914917:security-group/sg-08fa1306d5741d558",
            "description": "Allow web and ssh",
            "egress": [
              {
                "cidr_blocks": [
                  "0.0.0.0/0"
                ],
                "description": "",
                "from_port": 0,
                "ipv6_cidr_blocks": [],
                "prefix_list_ids": [],
                "protocol": "-1",
                "security_groups": [],
                "self": false,
                "to_port": 0
              }
            ],
            "id": "sg-08fa1306d5741d558",
            "ingress": [
              {
                "cidr_blocks": [
                  "0.0.0.0/0"
                ],
                "description": "Allow 22",
                "from_port": 22,
                "ipv6_cidr_blocks": [],
                "prefix_list_ids": [],
                "protocol": "tcp",
                "security_groups": [],
                "self": false,
                "to_port": 22
              },
              {
                "cidr_blocks": [
                  "0.0.0.0/0"
                ],
                "description": "Allow 443",
                "from_port": 443,
                "ipv6_cidr_blocks": [],
                "prefix_list_ids": [],
                "protocol": "tcp",
                "security_groups": [],
                "self": false,
                "to_port": 443
              },
              {
                "cidr_blocks": [
                  "0.0.0.0/0"
                ],
                "description": "Allow 80",
                "from_port": 80,
                "ipv6_cidr_blocks": [],
                "prefix_list_ids": [],
                "protocol": "tcp",
                "security_groups": [],
                "self": false,
                "to_port": 80
              }
            ],
            "name": "allow_web_ssh",
            "name_prefix": null,
            "owner_id": "407765914917",
            "revoke_rules_on_delete": false,
            "tags": {
              "Name": "ForWebservers"
            },
            "timeouts": null,
            "vpc_id": "vpc-7c872316"
          },
          "private": "eyJlMmJmYjczMC1lY2FhLTExZTYtOGY4OC0zNDM2M2JjN2M0YzAiOnsiY3JlYXRlIjo2MDAwMDAwMDAwMDAsImRlbGV0ZSI6NjAwMDAwMDAwMDAwfSwic2NoZW1hX3ZlcnNpb24iOiIxIn0="
        }
      ]
    }
  ]
}
